
Microsoft Visual Studio Solution File, Format Version 12.00
# Visual Studio Version 17
VisualStudioVersion = 17.13.35806.99 d17.13
MinimumVisualStudioVersion = 10.0.40219.1
Project("{FAE04EC0-301F-11D3-BF4B-00C04F79EFBC}") = "tpmodul4_103022300043", "tpmodul4_103022300043.csproj", "{20284154-3087-4A50-95D8-B377446E903F}"
EndProject
Global
	GlobalSection(SolutionConfigurationPlatforms) = preSolution
		Debug|Any CPU = Debug|Any CPU
		Release|Any CPU = Release|Any CPU
	EndGlobalSection
	GlobalSection(ProjectConfigurationPlatforms) = postSolution
		{20284154-3087-4A50-95D8-B377446E903F}.Debug|Any CPU.ActiveCfg = Debug|Any CPU
		{20284154-3087-4A50-95D8-B377446E903F}.Debug|Any CPU.Build.0 = Debug|Any CPU
		{20284154-3087-4A50-95D8-B377446E903F}.Release|Any CPU.ActiveCfg = Release|Any CPU
		{20284154-3087-4A50-95D8-B377446E903F}.Release|Any CPU.Build.0 = Release|Any CPU
	EndGlobalSection
	GlobalSection(SolutionProperties) = preSolution
		HideSolutionNode = FALSE
	EndGlobalSection
	GlobalSection(ExtensibilityGlobals) = postSolution
		SolutionGuid = {5E727571-B53A-49B0-A0B2-C4655978440B}
	EndGlobalSection
EndGlobal
